<?xml version="1.0" encoding="utf-8"?>
<Project ToolsVersion="4.0" xmlns="http://schemas.microsoft.com/developer/msbuild/2003">
  <ItemGroup>
    <Filter Include="Source Files">
      <UniqueIdentifier>{4FC737F1-C7A5-4376-A066-2A32D752A2FF}</UniqueIdentifier>
      <Extensions>cpp;c;cc;cxx;def;odl;idl;hpj;bat;asm;asmx</Extensions>
    </Filter>
    <Filter Include="Header Files">
      <UniqueIdentifier>{93995380-89BD-4b04-88EB-625FBE52EBFB}</UniqueIdentifier>
      <Extensions>h;hh;hpp;hxx;hm;inl;inc;ipp;xsd</Extensions>
    </Filter>
    <Filter Include="Resource Files">
      <UniqueIdentifier>{67DA6AB6-F800-4c08-8B7A-83BB121AAD01}</UniqueIdentifier>
      <Extensions>rc;ico;cur;bmp;dlg;rc2;rct;bin;rgs;gif;jpg;jpeg;jpe;resx;tiff;tif;png;wav;mfcribbon-ms</Extensions>
    </Filter>
    <Filter Include="kiero">
      <UniqueIdentifier>{c914abae-6128-4a2a-8821-07a38f656930}</UniqueIdentifier>
    </Filter>
    <Filter Include="imgui">
      <UniqueIdentifier>{3ba57e14-8ac2-485a-b12c-f06690c43d6e}</UniqueIdentifier>
    </Filter>
  </ItemGroup>
  <ItemGroup>
    <ClCompile Include="render\kiero\minhook\src\buffer.c">
      <Filter>kiero</Filter>
    </ClCompile>
    <ClCompile Include="render\kiero\minhook\src\hde\hde32.c">
      <Filter>kiero</Filter>
    </ClCompile>
    <ClCompile Include="render\kiero\minhook\src\hde\hde64.c">
      <Filter>kiero</Filter>
    </ClCompile>
    <ClCompile Include="render\kiero\minhook\src\hook.c">
      <Filter>kiero</Filter>
    </ClCompile>
    <ClCompile Include="render\kiero\kiero.cpp">
      <Filter>kiero</Filter>
    </ClCompile>
    <ClCompile Include="render\kiero\minhook\src\trampoline.c">
      <Filter>kiero</Filter>
    </ClCompile>
    <ClCompile Include="main.cpp">
      <Filter>Source Files</Filter>
    </ClCompile>
    <ClCompile Include="ext\imgui\imgui.cpp">
      <Filter>Source Files</Filter>
    </ClCompile>
    <ClCompile Include="ext\imgui\imgui_demo.cpp">
      <Filter>Source Files</Filter>
    </ClCompile>
    <ClCompile Include="ext\imgui\imgui_draw.cpp">
      <Filter>Source Files</Filter>
    </ClCompile>
    <ClCompile Include="ext\imgui\imgui_impl_dx11.cpp">
      <Filter>Source Files</Filter>
    </ClCompile>
    <ClCompile Include="ext\imgui\imgui_impl_win32.cpp">
      <Filter>Source Files</Filter>
    </ClCompile>
    <ClCompile Include="ext\imgui\imgui_widgets.cpp">
      <Filter>Source Files</Filter>
    </ClCompile>
    <ClCompile Include="render\menu.cpp">
      <Filter>Source Files</Filter>
    </ClCompile>
    <ClCompile Include="render\menu.h">
      <Filter>Source Files</Filter>
    </ClCompile>
    <ClCompile Include="render\hooks.cpp">
      <Filter>Source Files</Filter>
    </ClCompile>
    <ClCompile Include="ext\IL2CPP_Resolver\Functions\Callback.cpp">
      <Filter>Source Files</Filter>
    </ClCompile>
    <ClCompile Include="ext\IL2CPP_Resolver\Functions\Class.cpp">
      <Filter>Source Files</Filter>
    </ClCompile>
    <ClCompile Include="ext\IL2CPP_Resolver\Functions\String.cpp">
      <Filter>Source Files</Filter>
    </ClCompile>
    <ClCompile Include="ext\IL2CPP_Resolver\Functions\Thread.cpp">
      <Filter>Source Files</Filter>
    </ClCompile>
    <ClCompile Include="ext\IL2CPP_Resolver\Unity\API\_TEMPLATE_API.cpp">
      <Filter>Source Files</Filter>
    </ClCompile>
    <ClCompile Include="ext\IL2CPP_Resolver\Unity\API\Camera.cpp">
      <Filter>Source Files</Filter>
    </ClCompile>
    <ClCompile Include="ext\IL2CPP_Resolver\Unity\API\Component.cpp">
      <Filter>Source Files</Filter>
    </ClCompile>
    <ClCompile Include="ext\IL2CPP_Resolver\Unity\API\GameObject.cpp">
      <Filter>Source Files</Filter>
    </ClCompile>
    <ClCompile Include="ext\IL2CPP_Resolver\Unity\API\LayerMask.cpp">
      <Filter>Source Files</Filter>
    </ClCompile>
    <ClCompile Include="ext\IL2CPP_Resolver\Unity\API\Object.cpp">
      <Filter>Source Files</Filter>
    </ClCompile>
    <ClCompile Include="ext\IL2CPP_Resolver\Unity\API\Rigidbody.cpp">
      <Filter>Source Files</Filter>
    </ClCompile>
    <ClCompile Include="ext\IL2CPP_Resolver\Unity\API\Transform.cpp">
      <Filter>Source Files</Filter>
    </ClCompile>
    <ClCompile Include="ext\IL2CPP_Resolver\Unity\Obfuscators.cpp">
      <Filter>Source Files</Filter>
    </ClCompile>
    <ClCompile Include="ext\IL2CPP_Resolver\Utils\Helper.cpp">
      <Filter>Source Files</Filter>
    </ClCompile>
    <ClCompile Include="ext\IL2CPP_Resolver\Cache.cpp">
      <Filter>Source Files</Filter>
    </ClCompile>
    <ClCompile Include="ext\IL2CPP_Resolver\Data.cpp">
      <Filter>Source Files</Filter>
    </ClCompile>
    <ClCompile Include="ext\IL2CPP_Resolver\il2cpp_resolver.cpp">
      <Filter>Source Files</Filter>
    </ClCompile>
    <ClCompile Include="sdk\sdk.cpp">
      <Filter>Source Files</Filter>
    </ClCompile>
    <ClCompile Include="ext\logger\logger.cpp">
      <Filter>Source Files</Filter>
    </ClCompile>
    <ClCompile Include="render\renderer.cpp">
      <Filter>Source Files</Filter>
    </ClCompile>
    <ClCompile Include="config\config.cpp">
      <Filter>Source Files</Filter>
    </ClCompile>
    <ClCompile Include="auth\key.cpp">
      <Filter>Source Files</Filter>
    </ClCompile>
  </ItemGroup>
  <ItemGroup>
    <ResourceCompile Include="render\kiero\minhook\dll_resources\MinHook.rc">
      <Filter>Resource Files</Filter>
    </ResourceCompile>
  </ItemGroup>
  <ItemGroup>
    <ClInclude Include="render\kiero\minhook\src\buffer.h">
      <Filter>kiero</Filter>
    </ClInclude>
    <ClInclude Include="render\kiero\minhook\src\hde\hde32.h">
      <Filter>kiero</Filter>
    </ClInclude>
    <ClInclude Include="render\kiero\minhook\src\hde\hde64.h">
      <Filter>kiero</Filter>
    </ClInclude>
    <ClInclude Include="render\kiero\kiero.h">
      <Filter>kiero</Filter>
    </ClInclude>
    <ClInclude Include="render\kiero\minhook\include\MinHook.h">
      <Filter>kiero</Filter>
    </ClInclude>
    <ClInclude Include="render\kiero\minhook\src\hde\pstdint.h">
      <Filter>kiero</Filter>
    </ClInclude>
    <ClInclude Include="render\kiero\minhook\src\hde\table32.h">
      <Filter>kiero</Filter>
    </ClInclude>
    <ClInclude Include="render\kiero\minhook\src\hde\table64.h">
      <Filter>kiero</Filter>
    </ClInclude>
    <ClInclude Include="render\kiero\minhook\src\trampoline.h">
      <Filter>kiero</Filter>
    </ClInclude>
    <ClInclude Include="includes.h">
      <Filter>Header Files</Filter>
    </ClInclude>
    <ClInclude Include="ext\imgui\imconfig.h">
      <Filter>Header Files</Filter>
    </ClInclude>
    <ClInclude Include="ext\imgui\imgui.h">
      <Filter>Header Files</Filter>
    </ClInclude>
    <ClInclude Include="ext\imgui\imgui_impl_dx11.h">
      <Filter>Header Files</Filter>
    </ClInclude>
    <ClInclude Include="ext\imgui\imgui_impl_win32.h">
      <Filter>Header Files</Filter>
    </ClInclude>
    <ClInclude Include="ext\imgui\imgui_internal.h">
      <Filter>Header Files</Filter>
    </ClInclude>
    <ClInclude Include="ext\imgui\imstb_rectpack.h">
      <Filter>Header Files</Filter>
    </ClInclude>
    <ClInclude Include="ext\imgui\imstb_textedit.h">
      <Filter>Header Files</Filter>
    </ClInclude>
    <ClInclude Include="ext\imgui\imstb_truetype.h">
      <Filter>Header Files</Filter>
    </ClInclude>
    <ClInclude Include="ext\logger\logger.h">
      <Filter>Header Files</Filter>
    </ClInclude>
    <ClInclude Include="modules\modules.h">
      <Filter>Header Files</Filter>
    </ClInclude>
    <ClInclude Include="ext\IL2CPP_Resolver\Functions\Callback.hpp">
      <Filter>Header Files</Filter>
    </ClInclude>
    <ClInclude Include="ext\IL2CPP_Resolver\Functions\Class.hpp">
      <Filter>Header Files</Filter>
    </ClInclude>
    <ClInclude Include="ext\IL2CPP_Resolver\Functions\Domain.hpp">
      <Filter>Header Files</Filter>
    </ClInclude>
    <ClInclude Include="ext\IL2CPP_Resolver\Functions\ResolveCall.hpp">
      <Filter>Header Files</Filter>
    </ClInclude>
    <ClInclude Include="ext\IL2CPP_Resolver\Functions\String.hpp">
      <Filter>Header Files</Filter>
    </ClInclude>
    <ClInclude Include="ext\IL2CPP_Resolver\Functions\Thread.hpp">
      <Filter>Header Files</Filter>
    </ClInclude>
    <ClInclude Include="ext\IL2CPP_Resolver\Unity\API\_TEMPLATE_API.hpp">
      <Filter>Header Files</Filter>
    </ClInclude>
    <ClInclude Include="ext\IL2CPP_Resolver\Unity\API\Camera.hpp">
      <Filter>Header Files</Filter>
    </ClInclude>
    <ClInclude Include="ext\IL2CPP_Resolver\Unity\API\Component.hpp">
      <Filter>Header Files</Filter>
    </ClInclude>
    <ClInclude Include="ext\IL2CPP_Resolver\Unity\API\GameObject.hpp">
      <Filter>Header Files</Filter>
    </ClInclude>
    <ClInclude Include="ext\IL2CPP_Resolver\Unity\API\LayerMask.hpp">
      <Filter>Header Files</Filter>
    </ClInclude>
    <ClInclude Include="ext\IL2CPP_Resolver\Unity\API\Object.hpp">
      <Filter>Header Files</Filter>
    </ClInclude>
    <ClInclude Include="ext\IL2CPP_Resolver\Unity\API\Rigidbody.hpp">
      <Filter>Header Files</Filter>
    </ClInclude>
    <ClInclude Include="ext\IL2CPP_Resolver\Unity\API\Transform.hpp">
      <Filter>Header Files</Filter>
    </ClInclude>
    <ClInclude Include="ext\IL2CPP_Resolver\Unity\Structures\Engine.hpp">
      <Filter>Header Files</Filter>
    </ClInclude>
    <ClInclude Include="ext\IL2CPP_Resolver\Unity\Structures\il2cpp.hpp">
      <Filter>Header Files</Filter>
    </ClInclude>
    <ClInclude Include="ext\IL2CPP_Resolver\Unity\Structures\il2cppArray.hpp">
      <Filter>Header Files</Filter>
    </ClInclude>
    <ClInclude Include="ext\IL2CPP_Resolver\Unity\Structures\il2cppDictionary.hpp">
      <Filter>Header Files</Filter>
    </ClInclude>
    <ClInclude Include="ext\IL2CPP_Resolver\Unity\Structures\Includes.hpp">
      <Filter>Header Files</Filter>
    </ClInclude>
    <ClInclude Include="ext\IL2CPP_Resolver\Unity\Structures\System_String.hpp">
      <Filter>Header Files</Filter>
    </ClInclude>
    <ClInclude Include="ext\IL2CPP_Resolver\Unity\Defines.hpp">
      <Filter>Header Files</Filter>
    </ClInclude>
    <ClInclude Include="ext\IL2CPP_Resolver\Unity\Includes.hpp">
      <Filter>Header Files</Filter>
    </ClInclude>
    <ClInclude Include="ext\IL2CPP_Resolver\Unity\Obfuscators.hpp">
      <Filter>Header Files</Filter>
    </ClInclude>
    <ClInclude Include="ext\IL2CPP_Resolver\Utils\Helper.hpp">
      <Filter>Header Files</Filter>
    </ClInclude>
    <ClInclude Include="ext\IL2CPP_Resolver\Utils\Joaat.hpp">
      <Filter>Header Files</Filter>
    </ClInclude>
    <ClInclude Include="ext\IL2CPP_Resolver\Utils\VFunc.hpp">
      <Filter>Header Files</Filter>
    </ClInclude>
    <ClInclude Include="ext\IL2CPP_Resolver\Cache.hpp">
      <Filter>Header Files</Filter>
    </ClInclude>
    <ClInclude Include="ext\IL2CPP_Resolver\Data.hpp">
      <Filter>Header Files</Filter>
    </ClInclude>
    <ClInclude Include="ext\IL2CPP_Resolver\Defines.hpp">
      <Filter>Header Files</Filter>
    </ClInclude>
    <ClInclude Include="ext\IL2CPP_Resolver\il2cpp_resolver.hpp">
      <Filter>Header Files</Filter>
    </ClInclude>
    <ClInclude Include="ext\IL2CPP_Resolver\Includes.hpp">
      <Filter>Header Files</Filter>
    </ClInclude>
    <ClInclude Include="ext\IL2CPP_Resolver\lazyimporter.h">
      <Filter>Header Files</Filter>
    </ClInclude>
    <ClInclude Include="ext\minhook\MinHook.h">
      <Filter>Header Files</Filter>
    </ClInclude>
    <ClInclude Include="ext\xor\xor_cc.hpp">
      <Filter>Header Files</Filter>
    </ClInclude>
    <ClInclude Include="sdk\sdk.h">
      <Filter>Header Files</Filter>
    </ClInclude>
    <ClInclude Include="render\hooks.h">
      <Filter>Header Files</Filter>
    </ClInclude>
    <ClInclude Include="render\renderer.h">
      <Filter>Header Files</Filter>
    </ClInclude>
    <ClInclude Include="render\keys\keys.h">
      <Filter>Header Files</Filter>
    </ClInclude>
    <ClInclude Include="sdk\il2cpp.h">
      <Filter>Header Files</Filter>
    </ClInclude>
    <ClInclude Include="render\font\custom.h">
      <Filter>Header Files</Filter>
    </ClInclude>
    <ClInclude Include="render\font\icons.h">
      <Filter>Header Files</Filter>
    </ClInclude>
    <ClInclude Include="render\font\tahoma.h">
      <Filter>Header Files</Filter>
    </ClInclude>
    <ClInclude Include="config\config.h">
      <Filter>Header Files</Filter>
    </ClInclude>
    <ClInclude Include="render\theme.h">
      <Filter>Header Files</Filter>
    </ClInclude>
    <ClInclude Include="auth\key.h">
      <Filter>Header Files</Filter>
    </ClInclude>
  </ItemGroup>
  <ItemGroup>
    <None Include="render\kiero\minhook\dll_resources\MinHook.def">
      <Filter>kiero</Filter>
    </None>
  </ItemGroup>
</Project>